{
  "name": "backend-coder",
  "lockfileVersion": 2,
  "requires": true,
  "packages": {
    "": {
      "dependencies": {
        "clase-35": "^1.0.0"
      }
    },
    "node_modules/clase-35": {
      "version": "1.0.0",
      "resolved": "https://registry.npmjs.org/clase-35/-/clase-35-1.0.0.tgz",
      "integrity": "sha512-3lmevppr+rEsX+9IuvzD7VdE6U3FM6MmzQhu1mTtOH4Z+xFW3EN93Y60mB25uxEstBmw2MjCsc8J07iQVpSWnA=="
    }
  },
  "dependencies": {
    "clase-35": {
      "version": "1.0.0",
      "resolved": "https://registry.npmjs.org/clase-35/-/clase-35-1.0.0.tgz",
      "integrity": "sha512-3lmevppr+rEsX+9IuvzD7VdE6U3FM6MmzQhu1mTtOH4Z+xFW3EN93Y60mB25uxEstBmw2MjCsc8J07iQVpSWnA=="
    }
  }
}
